
Microsoft Visual Studio Solution File, Format Version 12.00
# Visual Studio 15
VisualStudioVersion = 15.0.27703.2042
MinimumVisualStudioVersion = 10.0.40219.1
Project("{9A19103F-16F7-4668-BE54-9A1E7A4F7556}") = "AutomataIterator", "AutomataIterator\AutomataIterator.csproj", "{EA9331F3-972D-44C8-B42E-593A3C6B3846}"
EndProject
Project("{9A19103F-16F7-4668-BE54-9A1E7A4F7556}") = "CoreDefinitions", "CoreDefinitions\CoreDefinitions.csproj", "{EDFFD8AE-5023-4E04-9753-F77FDB5B2820}"
EndProject
Project("{9A19103F-16F7-4668-BE54-9A1E7A4F7556}") = "AutomataIteratorTests", "AutomataIteratorTests\AutomataIteratorTests.csproj", "{8C70DE87-0482-4333-A11C-9A9A4F675145}"
EndProject
Project("{9A19103F-16F7-4668-BE54-9A1E7A4F7556}") = "AutomataIteratorExperimentalBenchmark", "AutomataIteratorExperimentalBenchmark\AutomataIteratorExperimentalBenchmark.csproj", "{5FDA731A-9FEA-4716-BC1B-C84A537E9832}"
EndProject
Project("{FAE04EC0-301F-11D3-BF4B-00C04F79EFBC}") = "NonisomorphicEndofunctors", "NonisomorphicEndofunctors\NonisomorphicEndofunctors.csproj", "{BC677C89-E305-45A7-A438-0C0F28047A08}"
EndProject
Global
	GlobalSection(SolutionConfigurationPlatforms) = preSolution
		Debug|Any CPU = Debug|Any CPU
		Release|Any CPU = Release|Any CPU
	EndGlobalSection
	GlobalSection(ProjectConfigurationPlatforms) = postSolution
		{EA9331F3-972D-44C8-B42E-593A3C6B3846}.Debug|Any CPU.ActiveCfg = Debug|Any CPU
		{EA9331F3-972D-44C8-B42E-593A3C6B3846}.Debug|Any CPU.Build.0 = Debug|Any CPU
		{EA9331F3-972D-44C8-B42E-593A3C6B3846}.Release|Any CPU.ActiveCfg = Release|Any CPU
		{EA9331F3-972D-44C8-B42E-593A3C6B3846}.Release|Any CPU.Build.0 = Release|Any CPU
		{EDFFD8AE-5023-4E04-9753-F77FDB5B2820}.Debug|Any CPU.ActiveCfg = Debug|Any CPU
		{EDFFD8AE-5023-4E04-9753-F77FDB5B2820}.Debug|Any CPU.Build.0 = Debug|Any CPU
		{EDFFD8AE-5023-4E04-9753-F77FDB5B2820}.Release|Any CPU.ActiveCfg = Release|Any CPU
		{EDFFD8AE-5023-4E04-9753-F77FDB5B2820}.Release|Any CPU.Build.0 = Release|Any CPU
		{8C70DE87-0482-4333-A11C-9A9A4F675145}.Debug|Any CPU.ActiveCfg = Debug|Any CPU
		{8C70DE87-0482-4333-A11C-9A9A4F675145}.Debug|Any CPU.Build.0 = Debug|Any CPU
		{8C70DE87-0482-4333-A11C-9A9A4F675145}.Release|Any CPU.ActiveCfg = Release|Any CPU
		{8C70DE87-0482-4333-A11C-9A9A4F675145}.Release|Any CPU.Build.0 = Release|Any CPU
		{5FDA731A-9FEA-4716-BC1B-C84A537E9832}.Debug|Any CPU.ActiveCfg = Debug|Any CPU
		{5FDA731A-9FEA-4716-BC1B-C84A537E9832}.Debug|Any CPU.Build.0 = Debug|Any CPU
		{5FDA731A-9FEA-4716-BC1B-C84A537E9832}.Release|Any CPU.ActiveCfg = Release|Any CPU
		{5FDA731A-9FEA-4716-BC1B-C84A537E9832}.Release|Any CPU.Build.0 = Release|Any CPU
		{BC677C89-E305-45A7-A438-0C0F28047A08}.Debug|Any CPU.ActiveCfg = Debug|Any CPU
		{BC677C89-E305-45A7-A438-0C0F28047A08}.Debug|Any CPU.Build.0 = Debug|Any CPU
		{BC677C89-E305-45A7-A438-0C0F28047A08}.Release|Any CPU.ActiveCfg = Release|Any CPU
		{BC677C89-E305-45A7-A438-0C0F28047A08}.Release|Any CPU.Build.0 = Release|Any CPU
	EndGlobalSection
	GlobalSection(SolutionProperties) = preSolution
		HideSolutionNode = FALSE
	EndGlobalSection
	GlobalSection(ExtensibilityGlobals) = postSolution
		SolutionGuid = {C5A4214E-1718-4362-83CC-D4A3305510F1}
	EndGlobalSection
EndGlobal
